<?xml version="1.0" encoding="utf-8"?>
<Project ToolsVersion="4.0" xmlns="http://schemas.microsoft.com/developer/msbuild/2003">
  <ItemGroup>
    <Filter Include="Resource Files">
      <UniqueIdentifier>{67DA6AB6-F800-4c08-8B7A-83BB121AAD01}</UniqueIdentifier>
      <Extensions>rc;ico;cur;bmp;dlg;rc2;rct;bin;rgs;gif;jpg;jpeg;jpe;resx;tiff;tif;png;wav;mfcribbon-ms</Extensions>
    </Filter>
    <Filter Include="Graphic">
      <UniqueIdentifier>{40a327fd-d34c-4c0e-a1af-d572888d0863}</UniqueIdentifier>
    </Filter>
    <Filter Include="Logic">
      <UniqueIdentifier>{7ca2123d-6b87-4881-a27f-0f7f5c9e105f}</UniqueIdentifier>
    </Filter>
    <Filter Include="Utility">
      <UniqueIdentifier>{3883b0e4-502a-48f2-aae6-558ffb82eab1}</UniqueIdentifier>
    </Filter>
    <Filter Include="Specific">
      <UniqueIdentifier>{8a8dd8aa-d644-41e9-9b50-873219b18a13}</UniqueIdentifier>
    </Filter>
  </ItemGroup>
  <ItemGroup>
    <ClInclude Include="..\..\Utility\Listeners.h">
      <Filter>Utility</Filter>
    </ClInclude>
    <ClInclude Include="..\..\Utility\Logger.h">
      <Filter>Utility</Filter>
    </ClInclude>
    <ClInclude Include="..\..\Utility\Object.h">
      <Filter>Utility</Filter>
    </ClInclude>
    <ClInclude Include="..\..\Utility\SharedPtr.h">
      <Filter>Utility</Filter>
    </ClInclude>
    <ClInclude Include="..\..\Utility\UtilityMacros.h">
      <Filter>Utility</Filter>
    </ClInclude>
    <ClInclude Include="..\..\Logic\Globals.h">
      <Filter>Logic</Filter>
    </ClInclude>
    <ClInclude Include="..\..\Graphic\GraphicGeneral.h">
      <Filter>Graphic</Filter>
    </ClInclude>
    <ClInclude Include="..\..\Graphic\GraphicObject.h">
      <Filter>Graphic</Filter>
    </ClInclude>
    <ClInclude Include="..\..\Graphic\MainWindow.h">
      <Filter>Graphic</Filter>
    </ClInclude>
    <ClInclude Include="..\..\Graphic\HelloWorldTestWindow.h">
      <Filter>Graphic</Filter>
    </ClInclude>
    <ClInclude Include="..\..\Utility\IFile.h">
      <Filter>Utility</Filter>
    </ClInclude>
    <ClInclude Include="..\..\PlatformSpecific\Windows\File.h">
      <Filter>Specific</Filter>
    </ClInclude>
    <ClInclude Include="..\..\Utility\StringImpl.h">
      <Filter>Utility</Filter>
    </ClInclude>
  </ItemGroup>
  <ItemGroup>
    <ClCompile Include="..\..\Utility\Logger.cpp">
      <Filter>Utility</Filter>
    </ClCompile>
    <ClCompile Include="..\..\Logic\Globals.cpp">
      <Filter>Logic</Filter>
    </ClCompile>
    <ClCompile Include="..\..\Graphic\GraphicObject.cpp">
      <Filter>Graphic</Filter>
    </ClCompile>
    <ClCompile Include="..\..\Graphic\MainWindow.cpp">
      <Filter>Graphic</Filter>
    </ClCompile>
    <ClCompile Include="..\..\Graphic\HelloWorldTestWindow.cpp">
      <Filter>Graphic</Filter>
    </ClCompile>
    <ClCompile Include="..\..\PlatformSpecific\Windows\File.cpp">
      <Filter>Specific</Filter>
    </ClCompile>
  </ItemGroup>
</Project>