<?xml version="1.0" encoding="utf-8"?>
<Project ToolsVersion="4.0" xmlns="http://schemas.microsoft.com/developer/msbuild/2003">
  <ItemGroup>
    <Filter Include="Resource Files">
      <UniqueIdentifier>{67DA6AB6-F800-4c08-8B7A-83BB121AAD01}</UniqueIdentifier>
      <Extensions>rc;ico;cur;bmp;dlg;rc2;rct;bin;rgs;gif;jpg;jpeg;jpe;resx;tiff;tif;png;wav;mfcribbon-ms</Extensions>
    </Filter>
    <Filter Include="Graphic">
      <UniqueIdentifier>{40a327fd-d34c-4c0e-a1af-d572888d0863}</UniqueIdentifier>
    </Filter>
    <Filter Include="Logic">
      <UniqueIdentifier>{7ca2123d-6b87-4881-a27f-0f7f5c9e105f}</UniqueIdentifier>
    </Filter>
    <Filter Include="Utility">
      <UniqueIdentifier>{3883b0e4-502a-48f2-aae6-558ffb82eab1}</UniqueIdentifier>
    </Filter>
    <Filter Include="Specific">
      <UniqueIdentifier>{8a8dd8aa-d644-41e9-9b50-873219b18a13}</UniqueIdentifier>
    </Filter>
    <Filter Include="Graphic\GraphicObject">
      <UniqueIdentifier>{494565cd-b0a6-4f21-9ef4-6c3f7d367707}</UniqueIdentifier>
    </Filter>
    <Filter Include="Graphic\Controls">
      <UniqueIdentifier>{63525d53-dfd7-4357-b9de-fb1a0d1deea4}</UniqueIdentifier>
    </Filter>
  </ItemGroup>
  <ItemGroup>
    <ClInclude Include="..\..\Utility\Listeners.h">
      <Filter>Utility</Filter>
    </ClInclude>
    <ClInclude Include="..\..\Utility\Logger.h">
      <Filter>Utility</Filter>
    </ClInclude>
    <ClInclude Include="..\..\Utility\Object.h">
      <Filter>Utility</Filter>
    </ClInclude>
    <ClInclude Include="..\..\Utility\SharedPtr.h">
      <Filter>Utility</Filter>
    </ClInclude>
    <ClInclude Include="..\..\Utility\UtilityMacros.h">
      <Filter>Utility</Filter>
    </ClInclude>
    <ClInclude Include="..\..\Logic\Globals.h">
      <Filter>Logic</Filter>
    </ClInclude>
    <ClInclude Include="..\..\Graphic\GraphicGeneral.h">
      <Filter>Graphic</Filter>
    </ClInclude>
    <ClInclude Include="..\..\Graphic\GraphicObject.h">
      <Filter>Graphic</Filter>
    </ClInclude>
    <ClInclude Include="..\..\Graphic\MainWindow.h">
      <Filter>Graphic</Filter>
    </ClInclude>
    <ClInclude Include="..\..\Utility\IFile.h">
      <Filter>Utility</Filter>
    </ClInclude>
    <ClInclude Include="..\..\Utility\StringImpl.h">
      <Filter>Utility</Filter>
    </ClInclude>
    <ClInclude Include="..\..\Utility\File.h">
      <Filter>Utility</Filter>
    </ClInclude>
    <ClInclude Include="..\..\Graphic\Shader.h">
      <Filter>Graphic</Filter>
    </ClInclude>
    <ClInclude Include="..\..\Graphic\OpenGL.h">
      <Filter>Graphic</Filter>
    </ClInclude>
    <ClInclude Include="..\..\Graphic\OpenGLGraphicObject.h">
      <Filter>Graphic</Filter>
    </ClInclude>
    <ClInclude Include="..\..\Graphic\Window.h">
      <Filter>Graphic</Filter>
    </ClInclude>
    <ClInclude Include="..\..\Utility\Singleton.h">
      <Filter>Utility</Filter>
    </ClInclude>
    <ClInclude Include="..\..\Graphic\WindowManager.h">
      <Filter>Graphic</Filter>
    </ClInclude>
    <ClInclude Include="..\..\Graphic\Dialog.h">
      <Filter>Graphic</Filter>
    </ClInclude>
    <ClInclude Include="..\..\Logic\ApplicationInfo.h">
      <Filter>Logic</Filter>
    </ClInclude>
    <ClInclude Include="..\..\Utility\Stack.h">
      <Filter>Utility</Filter>
    </ClInclude>
    <ClInclude Include="..\..\Graphic\Dialogs\MainMenuDialog.h">
      <Filter>Graphic</Filter>
    </ClInclude>
    <ClInclude Include="..\..\Graphic\GraphicObjects\Triangle.h">
      <Filter>Graphic\GraphicObject</Filter>
    </ClInclude>
    <ClInclude Include="..\..\Resources\ColorsResources.h">
      <Filter>Resource Files</Filter>
    </ClInclude>
    <ClInclude Include="..\..\Utility\Random.h">
      <Filter>Utility</Filter>
    </ClInclude>
    <ClInclude Include="..\..\Graphic\GraphicObjects\Rectangle.h">
      <Filter>Graphic\GraphicObject</Filter>
    </ClInclude>
    <ClInclude Include="..\..\PlatformSpecific\Headers\WinFunctions.h">
      <Filter>Specific</Filter>
    </ClInclude>
    <ClInclude Include="..\..\Libs\UTF8Strings\Exception.h">
      <Filter>Utility</Filter>
    </ClInclude>
    <ClInclude Include="..\..\Libs\UTF8Strings\String.h">
      <Filter>Utility</Filter>
    </ClInclude>
    <ClInclude Include="..\..\Graphic\GraphicObjects\Circle.h">
      <Filter>Graphic\GraphicObject</Filter>
    </ClInclude>
    <ClInclude Include="..\..\Graphic\GraphicObjects\Line.h">
      <Filter>Graphic\GraphicObject</Filter>
    </ClInclude>
    <ClInclude Include="..\..\Graphic\GraphicObjects\Texture2D.h">
      <Filter>Graphic\GraphicObject</Filter>
    </ClInclude>
    <ClInclude Include="..\..\Utility\InlineFunctions.h">
      <Filter>Utility</Filter>
    </ClInclude>
    <ClInclude Include="..\..\Graphic\WindowEvents.h">
      <Filter>Graphic</Filter>
    </ClInclude>
    <ClInclude Include="..\..\Graphic\Controls\Button.h">
      <Filter>Graphic\Controls</Filter>
    </ClInclude>
    <ClInclude Include="..\..\Graphic\Controls\Control.h">
      <Filter>Graphic\Controls</Filter>
    </ClInclude>
    <ClInclude Include="..\..\Resources\Commands.h">
      <Filter>Resource Files</Filter>
    </ClInclude>
    <ClInclude Include="..\..\Graphic\Dialogs\ConveyLifeGameDialog.h">
      <Filter>Graphic</Filter>
    </ClInclude>
    <ClInclude Include="..\..\Graphic\Controls\Grid.h">
      <Filter>Graphic\Controls</Filter>
    </ClInclude>
    <ClInclude Include="..\..\Graphic\GraphicObjectPositionCalculator.h">
      <Filter>Graphic</Filter>
    </ClInclude>
    <ClInclude Include="..\..\Logic\CommonGame.h">
      <Filter>Logic</Filter>
    </ClInclude>
  </ItemGroup>
  <ItemGroup>
    <ClCompile Include="..\..\Utility\Logger.cpp">
      <Filter>Utility</Filter>
    </ClCompile>
    <ClCompile Include="..\..\Logic\Globals.cpp">
      <Filter>Logic</Filter>
    </ClCompile>
    <ClCompile Include="..\..\Graphic\GraphicObject.cpp">
      <Filter>Graphic</Filter>
    </ClCompile>
    <ClCompile Include="..\..\Graphic\MainWindow.cpp">
      <Filter>Graphic</Filter>
    </ClCompile>
    <ClCompile Include="..\..\Utility\File.cpp">
      <Filter>Utility</Filter>
    </ClCompile>
    <ClCompile Include="..\..\Utility\StringImpl.cpp">
      <Filter>Utility</Filter>
    </ClCompile>
    <ClCompile Include="..\..\Graphic\Shader.cpp">
      <Filter>Graphic</Filter>
    </ClCompile>
    <ClCompile Include="..\..\Graphic\OpenGLGraphicObject.cpp">
      <Filter>Graphic</Filter>
    </ClCompile>
    <ClCompile Include="..\..\PlatformSpecific\Windows\WinFunctions.cpp">
      <Filter>Specific</Filter>
    </ClCompile>
    <ClCompile Include="..\..\Graphic\Window.cpp">
      <Filter>Graphic</Filter>
    </ClCompile>
    <ClCompile Include="..\..\Graphic\WindowManager.cpp">
      <Filter>Graphic</Filter>
    </ClCompile>
    <ClCompile Include="..\..\Graphic\Dialog.cpp">
      <Filter>Graphic</Filter>
    </ClCompile>
    <ClCompile Include="..\..\Graphic\GraphicGeneral.cpp">
      <Filter>Graphic</Filter>
    </ClCompile>
    <ClCompile Include="..\..\Graphic\Dialogs\MainMenuDialog.cpp">
      <Filter>Graphic</Filter>
    </ClCompile>
    <ClCompile Include="..\..\Graphic\GraphicObjects\Triangle.cpp">
      <Filter>Graphic\GraphicObject</Filter>
    </ClCompile>
    <ClCompile Include="..\..\Utility\Random.cpp">
      <Filter>Utility</Filter>
    </ClCompile>
    <ClCompile Include="..\..\Graphic\GraphicObjects\Rectangle.cpp">
      <Filter>Graphic\GraphicObject</Filter>
    </ClCompile>
    <ClCompile Include="..\..\Libs\UTF8Strings\Exception.cpp">
      <Filter>Utility</Filter>
    </ClCompile>
    <ClCompile Include="..\..\Libs\UTF8Strings\String.cpp">
      <Filter>Utility</Filter>
    </ClCompile>
    <ClCompile Include="..\..\Graphic\GraphicObjects\Circle.cpp">
      <Filter>Graphic\GraphicObject</Filter>
    </ClCompile>
    <ClCompile Include="..\..\Graphic\GraphicObjects\Line.cpp">
      <Filter>Graphic\GraphicObject</Filter>
    </ClCompile>
    <ClCompile Include="..\..\Graphic\GraphicObjects\Texture2D.cpp">
      <Filter>Graphic\GraphicObject</Filter>
    </ClCompile>
    <ClCompile Include="..\..\Graphic\Controls\Button.cpp">
      <Filter>Graphic\Controls</Filter>
    </ClCompile>
    <ClCompile Include="..\..\Graphic\Controls\Control.cpp">
      <Filter>Graphic\Controls</Filter>
    </ClCompile>
    <ClCompile Include="..\..\Graphic\Dialogs\ConveyLifeGameDialog.cpp">
      <Filter>Graphic</Filter>
    </ClCompile>
    <ClCompile Include="..\..\Graphic\Controls\Grid.cpp">
      <Filter>Graphic\Controls</Filter>
    </ClCompile>
    <ClCompile Include="..\..\Graphic\GraphicObjectPositionCalculator.cpp">
      <Filter>Graphic</Filter>
    </ClCompile>
    <ClCompile Include="..\..\Logic\CommonGame.cpp">
      <Filter>Logic</Filter>
    </ClCompile>
  </ItemGroup>
</Project>